
Microsoft Visual Studio Solution File, Format Version 12.00
# Visual Studio Version 17
VisualStudioVersion = 17.2.32630.192
MinimumVisualStudioVersion = 10.0.40219.1
Project("{9A19103F-16F7-4668-BE54-9A1E7A4F7556}") = "ChallengeIntuit", "ChallengeIntuit\ChallengeIntuit.csproj", "{18746EFA-C089-459F-8A3D-C5EE7DCAE7DC}"
EndProject
Project("{FAE04EC0-301F-11D3-BF4B-00C04F79EFBC}") = "Data", "Data\Data.csproj", "{33098A64-80DF-42F1-B263-A7D3F2248624}"
EndProject
Project("{FAE04EC0-301F-11D3-BF4B-00C04F79EFBC}") = "Common", "Common\Common.csproj", "{833B56E2-0307-45D4-BD85-9F69222BA241}"
EndProject
Project("{FAE04EC0-301F-11D3-BF4B-00C04F79EFBC}") = "Web", "Web\Web.csproj", "{62C148D8-F91C-4C6D-9612-2C7A6D7F4ECA}"
EndProject
Global
	GlobalSection(SolutionConfigurationPlatforms) = preSolution
		Debug|Any CPU = Debug|Any CPU
		Release|Any CPU = Release|Any CPU
	EndGlobalSection
	GlobalSection(ProjectConfigurationPlatforms) = postSolution
		{18746EFA-C089-459F-8A3D-C5EE7DCAE7DC}.Debug|Any CPU.ActiveCfg = Debug|Any CPU
		{18746EFA-C089-459F-8A3D-C5EE7DCAE7DC}.Debug|Any CPU.Build.0 = Debug|Any CPU
		{18746EFA-C089-459F-8A3D-C5EE7DCAE7DC}.Release|Any CPU.ActiveCfg = Release|Any CPU
		{18746EFA-C089-459F-8A3D-C5EE7DCAE7DC}.Release|Any CPU.Build.0 = Release|Any CPU
		{33098A64-80DF-42F1-B263-A7D3F2248624}.Debug|Any CPU.ActiveCfg = Debug|Any CPU
		{33098A64-80DF-42F1-B263-A7D3F2248624}.Debug|Any CPU.Build.0 = Debug|Any CPU
		{33098A64-80DF-42F1-B263-A7D3F2248624}.Release|Any CPU.ActiveCfg = Release|Any CPU
		{33098A64-80DF-42F1-B263-A7D3F2248624}.Release|Any CPU.Build.0 = Release|Any CPU
		{833B56E2-0307-45D4-BD85-9F69222BA241}.Debug|Any CPU.ActiveCfg = Debug|Any CPU
		{833B56E2-0307-45D4-BD85-9F69222BA241}.Debug|Any CPU.Build.0 = Debug|Any CPU
		{833B56E2-0307-45D4-BD85-9F69222BA241}.Release|Any CPU.ActiveCfg = Release|Any CPU
		{833B56E2-0307-45D4-BD85-9F69222BA241}.Release|Any CPU.Build.0 = Release|Any CPU
		{62C148D8-F91C-4C6D-9612-2C7A6D7F4ECA}.Debug|Any CPU.ActiveCfg = Debug|Any CPU
		{62C148D8-F91C-4C6D-9612-2C7A6D7F4ECA}.Debug|Any CPU.Build.0 = Debug|Any CPU
		{62C148D8-F91C-4C6D-9612-2C7A6D7F4ECA}.Release|Any CPU.ActiveCfg = Release|Any CPU
		{62C148D8-F91C-4C6D-9612-2C7A6D7F4ECA}.Release|Any CPU.Build.0 = Release|Any CPU
	EndGlobalSection
	GlobalSection(SolutionProperties) = preSolution
		HideSolutionNode = FALSE
	EndGlobalSection
	GlobalSection(ExtensibilityGlobals) = postSolution
		SolutionGuid = {31982C7F-4032-430A-B85F-F248F25EE165}
	EndGlobalSection
EndGlobal
