
Microsoft Visual Studio Solution File, Format Version 12.00
# Visual Studio Version 17
VisualStudioVersion = 17.2.32630.192
MinimumVisualStudioVersion = 10.0.40219.1
Project("{9A19103F-16F7-4668-BE54-9A1E7A4F7556}") = "ChallengeIntuitApi", "ChallengeIntuit\ChallengeIntuitApi.csproj", "{18746EFA-C089-459F-8A3D-C5EE7DCAE7DC}"
EndProject
Project("{9A19103F-16F7-4668-BE54-9A1E7A4F7556}") = "Data", "Data\Data.csproj", "{33098A64-80DF-42F1-B263-A7D3F2248624}"
EndProject
Project("{FAE04EC0-301F-11D3-BF4B-00C04F79EFBC}") = "ChallengeIntuitFront", "ChallengeIntuitFront\ChallengeIntuitFront.csproj", "{8C00C2CB-C488-4813-A17B-0051556616F1}"
EndProject
Global
	GlobalSection(SolutionConfigurationPlatforms) = preSolution
		Debug|Any CPU = Debug|Any CPU
		Release|Any CPU = Release|Any CPU
	EndGlobalSection
	GlobalSection(ProjectConfigurationPlatforms) = postSolution
		{18746EFA-C089-459F-8A3D-C5EE7DCAE7DC}.Debug|Any CPU.ActiveCfg = Debug|Any CPU
		{18746EFA-C089-459F-8A3D-C5EE7DCAE7DC}.Debug|Any CPU.Build.0 = Debug|Any CPU
		{18746EFA-C089-459F-8A3D-C5EE7DCAE7DC}.Release|Any CPU.ActiveCfg = Release|Any CPU
		{18746EFA-C089-459F-8A3D-C5EE7DCAE7DC}.Release|Any CPU.Build.0 = Release|Any CPU
		{33098A64-80DF-42F1-B263-A7D3F2248624}.Debug|Any CPU.ActiveCfg = Debug|Any CPU
		{33098A64-80DF-42F1-B263-A7D3F2248624}.Debug|Any CPU.Build.0 = Debug|Any CPU
		{33098A64-80DF-42F1-B263-A7D3F2248624}.Release|Any CPU.ActiveCfg = Release|Any CPU
		{33098A64-80DF-42F1-B263-A7D3F2248624}.Release|Any CPU.Build.0 = Release|Any CPU
		{8C00C2CB-C488-4813-A17B-0051556616F1}.Debug|Any CPU.ActiveCfg = Debug|Any CPU
		{8C00C2CB-C488-4813-A17B-0051556616F1}.Debug|Any CPU.Build.0 = Debug|Any CPU
		{8C00C2CB-C488-4813-A17B-0051556616F1}.Release|Any CPU.ActiveCfg = Release|Any CPU
		{8C00C2CB-C488-4813-A17B-0051556616F1}.Release|Any CPU.Build.0 = Release|Any CPU
	EndGlobalSection
	GlobalSection(SolutionProperties) = preSolution
		HideSolutionNode = FALSE
	EndGlobalSection
	GlobalSection(ExtensibilityGlobals) = postSolution
		SolutionGuid = {31982C7F-4032-430A-B85F-F248F25EE165}
	EndGlobalSection
EndGlobal
